
Microsoft Visual Studio Solution File, Format Version 12.00
# Visual Studio Version 17
VisualStudioVersion = 17.8.34316.72
MinimumVisualStudioVersion = 10.0.40219.1
Project("{FAE04EC0-301F-11D3-BF4B-00C04F79EFBC}") = "Ksu_game_demo", "Ksu_game_demo\Ksu_game_demo.csproj", "{9CDC8C54-FECA-4274-8D5A-08ACC9B3BD0A}"
EndProject
Global
	GlobalSection(SolutionConfigurationPlatforms) = preSolution
		Debug|Any CPU = Debug|Any CPU
		Release|Any CPU = Release|Any CPU
	EndGlobalSection
	GlobalSection(ProjectConfigurationPlatforms) = postSolution
		{9CDC8C54-FECA-4274-8D5A-08ACC9B3BD0A}.Debug|Any CPU.ActiveCfg = Debug|Any CPU
		{9CDC8C54-FECA-4274-8D5A-08ACC9B3BD0A}.Debug|Any CPU.Build.0 = Debug|Any CPU
		{9CDC8C54-FECA-4274-8D5A-08ACC9B3BD0A}.Release|Any CPU.ActiveCfg = Release|Any CPU
		{9CDC8C54-FECA-4274-8D5A-08ACC9B3BD0A}.Release|Any CPU.Build.0 = Release|Any CPU
	EndGlobalSection
	GlobalSection(SolutionProperties) = preSolution
		HideSolutionNode = FALSE
	EndGlobalSection
	GlobalSection(ExtensibilityGlobals) = postSolution
		SolutionGuid = {FE4189BD-539C-4D73-9BAF-87758D164B34}
	EndGlobalSection
EndGlobal
